
Microsoft Visual Studio Solution File, Format Version 12.00
# Visual Studio Version 16
VisualStudioVersion = 16.0.29326.143
MinimumVisualStudioVersion = 10.0.40219.1
Project("{9A19103F-16F7-4668-BE54-9A1E7A4F7556}") = "dotnet-g36", "dotnet-g36\dotnet-g36.csproj", "{52DF7D6D-FBA2-40A8-B704-5CA8B3641037}"
EndProject
Project("{9A19103F-16F7-4668-BE54-9A1E7A4F7556}") = "dotnet-g36.Tests", "dotnet-g36.Tests\dotnet-g36.Tests.csproj", "{91CB3BFB-A422-43CA-B35F-A17DC9AF0F37}"
EndProject
Global
	GlobalSection(SolutionConfigurationPlatforms) = preSolution
		Debug|Any CPU = Debug|Any CPU
		Release|Any CPU = Release|Any CPU
	EndGlobalSection
	GlobalSection(ProjectConfigurationPlatforms) = postSolution
		{52DF7D6D-FBA2-40A8-B704-5CA8B3641037}.Debug|Any CPU.ActiveCfg = Debug|Any CPU
		{52DF7D6D-FBA2-40A8-B704-5CA8B3641037}.Debug|Any CPU.Build.0 = Debug|Any CPU
		{52DF7D6D-FBA2-40A8-B704-5CA8B3641037}.Release|Any CPU.ActiveCfg = Release|Any CPU
		{52DF7D6D-FBA2-40A8-B704-5CA8B3641037}.Release|Any CPU.Build.0 = Release|Any CPU
		{91CB3BFB-A422-43CA-B35F-A17DC9AF0F37}.Debug|Any CPU.ActiveCfg = Debug|Any CPU
		{91CB3BFB-A422-43CA-B35F-A17DC9AF0F37}.Debug|Any CPU.Build.0 = Debug|Any CPU
		{91CB3BFB-A422-43CA-B35F-A17DC9AF0F37}.Release|Any CPU.ActiveCfg = Release|Any CPU
		{91CB3BFB-A422-43CA-B35F-A17DC9AF0F37}.Release|Any CPU.Build.0 = Release|Any CPU
	EndGlobalSection
	GlobalSection(SolutionProperties) = preSolution
		HideSolutionNode = FALSE
	EndGlobalSection
	GlobalSection(ExtensibilityGlobals) = postSolution
		SolutionGuid = {D662C5D5-A89B-422E-9F74-D1B89C500795}
	EndGlobalSection
EndGlobal
